{
    "_readme": [
        "This file locks the dependencies of your project to a known state",
        "Read more about it at https://getcomposer.org/doc/01-basic-usage.md#composer-lock-the-lock-file",
        "This file is @generated automatically"
    ],
    "hash": "3c47a98c06f1eeb20e45eaf375e7f70a",
    "content-hash": "c9b874884da740c2d7e45197dfff668a",
    "packages": [
        {
            "name": "marketcloud/marketcloud-php",
            "version": "v1.0.7",
            "source": {
                "type": "git",
                "url": "https://github.com/Marketcloud/marketcloud-php.git",
                "reference": "9d30dbc1b08a6dbedd8b9c482baf05853dfa798c"
            },
            "dist": {
                "type": "zip",
                "url": "https://api.github.com/repos/Marketcloud/marketcloud-php/zipball/9d30dbc1b08a6dbedd8b9c482baf05853dfa798c",
                "reference": "9d30dbc1b08a6dbedd8b9c482baf05853dfa798c",
                "shasum": ""
            },
            "require": {
                "nategood/httpful": "*",
                "php": ">=5.3.3"
            },
            "type": "library",
            "extra": {
                "branch-alias": {
                    "dev-master": "1.0.x-dev"
                }
            },
            "autoload": {
                "psr-4": {
                    "Marketcloud\\": "libs/"
                }
            },
            "notification-url": "https://packagist.org/downloads/",
            "license": [
                "MIT"
            ],
            "description": "Marketcloud PHP sdk",
            "keywords": [
                "api",
                "ecommerce",
                "marketcloud"
            ],
            "time": "2016-09-18 20:09:49"
        },
        {
            "name": "nategood/httpful",
            "version": "0.2.20",
            "source": {
                "type": "git",
                "url": "https://github.com/nategood/httpful.git",
                "reference": "c1cd4d46a4b281229032cf39d4dd852f9887c0f6"
            },
            "dist": {
                "type": "zip",
                "url": "https://api.github.com/repos/nategood/httpful/zipball/c1cd4d46a4b281229032cf39d4dd852f9887c0f6",
                "reference": "c1cd4d46a4b281229032cf39d4dd852f9887c0f6",
                "shasum": ""
            },
            "require": {
                "ext-curl": "*",
                "php": ">=5.3"
            },
            "require-dev": {
                "phpunit/phpunit": "*"
            },
            "type": "library",
            "autoload": {
                "psr-0": {
                    "Httpful": "src/"
                }
            },
            "notification-url": "https://packagist.org/downloads/",
            "license": [
                "MIT"
            ],
            "authors": [
                {
                    "name": "Nate Good",
                    "email": "me@nategood.com",
                    "homepage": "http://nategood.com"
                }
            ],
            "description": "A Readable, Chainable, REST friendly, PHP HTTP Client",
            "homepage": "http://github.com/nategood/httpful",
            "keywords": [
                "api",
                "curl",
                "http",
                "requests",
                "rest",
                "restful"
            ],
            "time": "2015-10-26 16:11:30"
        }
    ],
    "packages-dev": [
        {
            "name": "heroku/heroku-buildpack-php",
            "version": "v109",
            "source": {
                "type": "git",
                "url": "https://github.com/heroku/heroku-buildpack-php.git",
                "reference": "cd2d13992b72d049aa270d4b745aae6329e0c037"
            },
            "dist": {
                "type": "zip",
                "url": "https://api.github.com/repos/heroku/heroku-buildpack-php/zipball/cd2d13992b72d049aa270d4b745aae6329e0c037",
                "reference": "cd2d13992b72d049aa270d4b745aae6329e0c037",
                "shasum": ""
            },
            "bin": [
                "bin/heroku-hhvm-apache2",
                "bin/heroku-hhvm-nginx",
                "bin/heroku-php-apache2",
                "bin/heroku-php-nginx"
            ],
            "type": "library",
            "notification-url": "https://packagist.org/downloads/",
            "license": [
                "MIT"
            ],
            "authors": [
                {
                    "name": "David Zuelke",
                    "email": "dz@heroku.com"
                }
            ],
            "description": "Toolkit for starting a PHP application locally, with or without foreman, using the same config for PHP/HHVM and Apache2/Nginx as on Heroku",
            "homepage": "https://github.com/heroku/heroku-buildpack-php",
            "keywords": [
                "apache",
                "apache2",
                "foreman",
                "heroku",
                "hhvm",
                "nginx",
                "php"
            ],
            "time": "2016-07-21 11:26:05"
        }
    ],
    "aliases": [],
    "minimum-stability": "stable",
    "stability-flags": [],
    "prefer-stable": false,
    "prefer-lowest": false,
    "platform": [],
    "platform-dev": []
}
